
Microsoft Visual Studio Solution File, Format Version 12.00
# Visual Studio 14
VisualStudioVersion = 14.0.25420.1
MinimumVisualStudioVersion = 10.0.40219.1
Project("{FAE04EC0-301F-11D3-BF4B-00C04F79EFBC}") = "StajOtomasyon", "StajOtomasyon\StajOtomasyon.csproj", "{27CE8B45-0622-4634-A4B4-A426833F98C5}"
EndProject
Global
	GlobalSection(SolutionConfigurationPlatforms) = preSolution
		Debug|Any CPU = Debug|Any CPU
		Release|Any CPU = Release|Any CPU
	EndGlobalSection
	GlobalSection(ProjectConfigurationPlatforms) = postSolution
		{27CE8B45-0622-4634-A4B4-A426833F98C5}.Debug|Any CPU.ActiveCfg = Debug|Any CPU
		{27CE8B45-0622-4634-A4B4-A426833F98C5}.Debug|Any CPU.Build.0 = Debug|Any CPU
		{27CE8B45-0622-4634-A4B4-A426833F98C5}.Release|Any CPU.ActiveCfg = Release|Any CPU
		{27CE8B45-0622-4634-A4B4-A426833F98C5}.Release|Any CPU.Build.0 = Release|Any CPU
	EndGlobalSection
	GlobalSection(SolutionProperties) = preSolution
		HideSolutionNode = FALSE
	EndGlobalSection
EndGlobal
